
Microsoft Visual Studio Solution File, Format Version 12.00
# Visual Studio Version 17
VisualStudioVersion = 17.9.34723.18
MinimumVisualStudioVersion = 10.0.40219.1
Project("{FAE04EC0-301F-11D3-BF4B-00C04F79EFBC}") = "baitapgioithieutruong", "baitapgioithieutruong\baitapgioithieutruong.csproj", "{A08CDECD-30BA-4A3C-9B71-B5287BC1402B}"
EndProject
Global
	GlobalSection(SolutionConfigurationPlatforms) = preSolution
		Debug|Any CPU = Debug|Any CPU
		Release|Any CPU = Release|Any CPU
	EndGlobalSection
	GlobalSection(ProjectConfigurationPlatforms) = postSolution
		{A08CDECD-30BA-4A3C-9B71-B5287BC1402B}.Debug|Any CPU.ActiveCfg = Debug|Any CPU
		{A08CDECD-30BA-4A3C-9B71-B5287BC1402B}.Debug|Any CPU.Build.0 = Debug|Any CPU
		{A08CDECD-30BA-4A3C-9B71-B5287BC1402B}.Release|Any CPU.ActiveCfg = Release|Any CPU
		{A08CDECD-30BA-4A3C-9B71-B5287BC1402B}.Release|Any CPU.Build.0 = Release|Any CPU
	EndGlobalSection
	GlobalSection(SolutionProperties) = preSolution
		HideSolutionNode = FALSE
	EndGlobalSection
	GlobalSection(ExtensibilityGlobals) = postSolution
		SolutionGuid = {80C6A9D5-EE70-40FC-896D-271A4525C6AA}
	EndGlobalSection
EndGlobal
